
Microsoft Visual Studio Solution File, Format Version 12.00
# Visual Studio Version 16
VisualStudioVersion = 16.0.29306.81
MinimumVisualStudioVersion = 10.0.40219.1
Project("{FAE04EC0-301F-11D3-BF4B-00C04F79EFBC}") = "LinqUsingEnumerable", "LinqUsingEnumerable.csproj", "{1ABE1B9E-A62C-42E4-B70E-66876D0CBA4A}"
EndProject
Global
	GlobalSection(SolutionConfigurationPlatforms) = preSolution
		Debug|Any CPU = Debug|Any CPU
		Release|Any CPU = Release|Any CPU
	EndGlobalSection
	GlobalSection(ProjectConfigurationPlatforms) = postSolution
		{1ABE1B9E-A62C-42E4-B70E-66876D0CBA4A}.Debug|Any CPU.ActiveCfg = Debug|Any CPU
		{1ABE1B9E-A62C-42E4-B70E-66876D0CBA4A}.Debug|Any CPU.Build.0 = Debug|Any CPU
		{1ABE1B9E-A62C-42E4-B70E-66876D0CBA4A}.Release|Any CPU.ActiveCfg = Release|Any CPU
		{1ABE1B9E-A62C-42E4-B70E-66876D0CBA4A}.Release|Any CPU.Build.0 = Release|Any CPU
	EndGlobalSection
	GlobalSection(SolutionProperties) = preSolution
		HideSolutionNode = FALSE
	EndGlobalSection
	GlobalSection(ExtensibilityGlobals) = postSolution
		SolutionGuid = {A2287F32-2C45-4A47-ACD8-72AD4904FFC5}
	EndGlobalSection
EndGlobal
